
Microsoft Visual Studio Solution File, Format Version 12.00
# Visual Studio 15
VisualStudioVersion = 15.0.27130.2003
MinimumVisualStudioVersion = 10.0.40219.1
Project("{FAE04EC0-301F-11D3-BF4B-00C04F79EFBC}") = "Calendario2", "Calendario2\Calendario2.csproj", "{AF119D0C-1CFE-4C5B-B26F-FD7351FC438D}"
EndProject
Global
	GlobalSection(SolutionConfigurationPlatforms) = preSolution
		Debug|Any CPU = Debug|Any CPU
		Release|Any CPU = Release|Any CPU
	EndGlobalSection
	GlobalSection(ProjectConfigurationPlatforms) = postSolution
		{AF119D0C-1CFE-4C5B-B26F-FD7351FC438D}.Debug|Any CPU.ActiveCfg = Debug|Any CPU
		{AF119D0C-1CFE-4C5B-B26F-FD7351FC438D}.Debug|Any CPU.Build.0 = Debug|Any CPU
		{AF119D0C-1CFE-4C5B-B26F-FD7351FC438D}.Release|Any CPU.ActiveCfg = Release|Any CPU
		{AF119D0C-1CFE-4C5B-B26F-FD7351FC438D}.Release|Any CPU.Build.0 = Release|Any CPU
	EndGlobalSection
	GlobalSection(SolutionProperties) = preSolution
		HideSolutionNode = FALSE
	EndGlobalSection
	GlobalSection(ExtensibilityGlobals) = postSolution
		SolutionGuid = {002323B9-4709-45C1-AA3B-7B705EE03AA1}
	EndGlobalSection
EndGlobal
